<?xml version="1.0" encoding="utf-8"?>
<Project ToolsVersion="4.0" xmlns="http://schemas.microsoft.com/developer/msbuild/2003">
  <ItemGroup>
    <Filter Include="source">
      <UniqueIdentifier>{82763568-79e2-45ae-b040-3fce572e353a}</UniqueIdentifier>
      <Extensions>cpp;c;cxx;def;odl;idl;hpj;bat;asm</Extensions>
    </Filter>
    <Filter Include="include">
      <UniqueIdentifier>{a49c7eb7-d129-4788-a179-f6588376ec37}</UniqueIdentifier>
      <Extensions>h;hpp;hxx;hm;inl;inc</Extensions>
    </Filter>
    <Filter Include="resource">
      <UniqueIdentifier>{635bbe12-325f-4975-888d-6394dccde03a}</UniqueIdentifier>
      <Extensions>rc;ico;cur;bmp;dlg;rc2;rct;bin;rgs;jpg;jpeg;jpe;png;manifest</Extensions>
    </Filter>
  </ItemGroup>
  <ItemGroup>
    <Image Include="res\SketchGame.ico">
      <Filter>resource</Filter>
    </Image>
    <Image Include="..\Resources\CloseSelected.png">
      <Filter>resource</Filter>
    </Image>
    <Image Include="..\Resources\CloseNormal.png">
      <Filter>resource</Filter>
    </Image>
    <Image Include="..\Resources\HelloWorld.png">
      <Filter>resource</Filter>
    </Image>
    <Image Include="..\Resources\fps_images.png">
      <Filter>resource</Filter>
    </Image>
    <Image Include="..\Resources\fps_images-hd.png">
      <Filter>resource</Filter>
    </Image>
    <Image Include="..\Resources\fps_images-ipadhd.png">
      <Filter>resource</Filter>
    </Image>
  </ItemGroup>
  <ItemGroup>
    <ResourceCompile Include="SketchGame.rc">
      <Filter>resource</Filter>
    </ResourceCompile>
  </ItemGroup>
  <ItemGroup>
    <ClInclude Include="resource.h">
      <Filter>include</Filter>
    </ClInclude>
    <ClInclude Include="main.h">
      <Filter>include</Filter>
    </ClInclude>
    <ClInclude Include="..\Classes\AppDelegate.h">
      <Filter>include</Filter>
    </ClInclude>
    <ClInclude Include="..\Classes\HelloWorldScene.h">
      <Filter>include</Filter>
    </ClInclude>
    <ClInclude Include="..\Classes\defines.h">
      <Filter>source</Filter>
    </ClInclude>
    <ClInclude Include="..\Classes\SGBackground.h">
      <Filter>source</Filter>
    </ClInclude>
    <ClInclude Include="..\Classes\SGHero.h">
      <Filter>source</Filter>
    </ClInclude>
    <ClInclude Include="..\Classes\SGHidableObject.h">
      <Filter>source</Filter>
    </ClInclude>
    <ClInclude Include="..\Classes\SGMonster.h">
      <Filter>source</Filter>
    </ClInclude>
    <ClInclude Include="..\Classes\SketchGameScene.h">
      <Filter>source</Filter>
    </ClInclude>
  </ItemGroup>
  <ItemGroup>
    <ClCompile Include="main.cpp">
      <Filter>source</Filter>
    </ClCompile>
    <ClCompile Include="..\Classes\AppDelegate.cpp">
      <Filter>source</Filter>
    </ClCompile>
    <ClCompile Include="..\Classes\HelloWorldScene.cpp">
      <Filter>source</Filter>
    </ClCompile>
    <ClCompile Include="..\Classes\SGBackground.cpp">
      <Filter>source</Filter>
    </ClCompile>
    <ClCompile Include="..\Classes\SGHero.cpp">
      <Filter>source</Filter>
    </ClCompile>
    <ClCompile Include="..\Classes\SGHidableObject.cpp">
      <Filter>source</Filter>
    </ClCompile>
    <ClCompile Include="..\Classes\SGMonster.cpp">
      <Filter>source</Filter>
    </ClCompile>
    <ClCompile Include="..\Classes\SketchGameScene.cpp">
      <Filter>source</Filter>
    </ClCompile>
  </ItemGroup>
</Project>